{
    "_meta": {
        "hash": {
            "sha256": "6e6e337d6958b89068aa83c1047785b4c01f67fde3150a254ae704a898786d87"
        },
        "pipfile-spec": 6,
        "requires": {
            "python_version": "3.6.6"
        },
        "sources": [
            {
                "name": "pypi",
                "url": "https://pypi.org/simple",
                "verify_ssl": true
            }
        ]
    },
    "default": {
        "aprslib": {
            "hashes": [
                "sha256:39420ad77d3595d0085cdd65829d8c863de5d2a2c6ff3681d2b9c5c635abdb17",
                "sha256:dfb5a3435e49039c536f76aaef88132c5c6161bbda2fa41f6b77782b3296848e"
            ],
            "index": "pypi",
            "version": "==0.6.46"
        },
        "argparse": {
            "hashes": [
                "sha256:62b089a55be1d8949cd2bc7e0df0bddb9e028faefc8c32038cc84862aefdd6e4",
                "sha256:c31647edb69fd3d465a847ea3157d37bed1f95f19760b11a47aa91c04b666314"
            ],
            "index": "pypi",
            "version": "==1.4.0"
        },
        "certifi": {
            "hashes": [
                "sha256:1a4995114262bffbc2413b159f2a1a480c969de6e6eb13ee966d470af86af59c",
                "sha256:719a74fb9e33b9bd44cc7f3a8d94bc35e4049deebe19ba7d8e108280cfd59830"
            ],
            "version": "==2020.12.5"
        },
        "chardet": {
            "hashes": [
                "sha256:84ab92ed1c4d4f16916e05906b6b75a6c0fb5db821cc65e70cbd64a3e2a5eaae",
                "sha256:fc323ffcaeaed0e0a02bf4d117757b98aed530d9ed4531e3e15460124c106691"
            ],
            "version": "==3.0.4"
        },
        "datetime": {
            "hashes": [
                "sha256:6a7d0650cf9cfc10b0e152fa6c667176cff7cd68b93040c10aca868d4a4617c0",
                "sha256:b3d91011caff312274a629b35abd6eb67038f8f92423ad3d9e071c0bf8823226"
            ],
            "index": "pypi",
            "version": "==4.2"
        },
        "idna": {
            "hashes": [
                "sha256:156a6814fb5ac1fc6850fb002e0852d56c0c8d2531923a51032d1b70760e186e",
                "sha256:684a38a6f903c1d71d6d5fac066b58d7768af4de2b832e426ec79c30daa94a16"
            ],
            "version": "==2.7"
        },
        "latlon23": {
            "hashes": [
                "sha256:e0ea06eda0ac1dab658fec89ee158c5221948cf147e38724fe50dfbd8a1ff340"
            ],
            "index": "pypi",
            "version": "==1.0.7"
        },
        "lxml": {
            "hashes": [
                "sha256:079f3ae844f38982d156efce585bc540c16a926d4436712cf4baee0cce487a3d",
                "sha256:0fbcf5565ac01dff87cbfc0ff323515c823081c5777a9fc7703ff58388c258c3",
                "sha256:122fba10466c7bd4178b07dba427aa516286b846b2cbd6f6169141917283aae2",
                "sha256:1b7584d421d254ab86d4f0b13ec662a9014397678a7c4265a02a6d7c2b18a75f",
                "sha256:26e761ab5b07adf5f555ee82fb4bfc35bf93750499c6c7614bd64d12aaa67927",
                "sha256:289e9ca1a9287f08daaf796d96e06cb2bc2958891d7911ac7cae1c5f9e1e0ee3",
                "sha256:2a9d50e69aac3ebee695424f7dbd7b8c6d6eb7de2a2eb6b0f6c7db6aa41e02b7",
                "sha256:33bb934a044cf32157c12bfcfbb6649807da20aa92c062ef51903415c704704f",
                "sha256:3439c71103ef0e904ea0a1901611863e51f50b5cd5e8654a151740fde5e1cade",
                "sha256:39b78571b3b30645ac77b95f7c69d1bffc4cf8c3b157c435a34da72e78c82468",
                "sha256:4289728b5e2000a4ad4ab8da6e1db2e093c63c08bdc0414799ee776a3f78da4b",
                "sha256:4bff24dfeea62f2e56f5bab929b4428ae6caba2d1eea0c2d6eb618e30a71e6d4",
                "sha256:542d454665a3e277f76954418124d67516c5f88e51a900365ed54a9806122b83",
                "sha256:5a0a14e264069c03e46f926be0d8919f4105c1623d620e7ec0e612a2e9bf1c04",
                "sha256:66e575c62792c3f9ca47cb8b6fab9e35bab91360c783d1606f758761810c9791",
                "sha256:74f7d8d439b18fa4c385f3f5dfd11144bb87c1da034a466c5b5577d23a1d9b51",
                "sha256:7610b8c31688f0b1be0ef882889817939490a36d0ee880ea562a4e1399c447a1",
                "sha256:76fa7b1362d19f8fbd3e75fe2fb7c79359b0af8747e6f7141c338f0bee2f871a",
                "sha256:7728e05c35412ba36d3e9795ae8995e3c86958179c9770e65558ec3fdfd3724f",
                "sha256:8157dadbb09a34a6bd95a50690595e1fa0af1a99445e2744110e3dca7831c4ee",
                "sha256:820628b7b3135403540202e60551e741f9b6d3304371712521be939470b454ec",
                "sha256:884ab9b29feaca361f7f88d811b1eea9bfca36cf3da27768d28ad45c3ee6f969",
                "sha256:89b8b22a5ff72d89d48d0e62abb14340d9e99fd637d046c27b8b257a01ffbe28",
                "sha256:92e821e43ad382332eade6812e298dc9701c75fe289f2a2d39c7960b43d1e92a",
                "sha256:b007cbb845b28db4fb8b6a5cdcbf65bacb16a8bd328b53cbc0698688a68e1caa",
                "sha256:bc4313cbeb0e7a416a488d72f9680fffffc645f8a838bd2193809881c67dd106",
                "sha256:bccbfc27563652de7dc9bdc595cb25e90b59c5f8e23e806ed0fd623755b6565d",
                "sha256:c4f05c5a7c49d2fb70223d0d5bcfbe474cf928310ac9fa6a7c6dddc831d0b1d4",
                "sha256:ce256aaa50f6cc9a649c51be3cd4ff142d67295bfc4f490c9134d0f9f6d58ef0",
                "sha256:d2e35d7bf1c1ac8c538f88d26b396e73dd81440d59c1ef8522e1ea77b345ede4",
                "sha256:df7c53783a46febb0e70f6b05df2ba104610f2fb0d27023409734a3ecbb78fb2",
                "sha256:efac139c3f0bf4f0939f9375af4b02c5ad83a622de52d6dfa8e438e8e01d0eb0",
                "sha256:efd7a09678fd8b53117f6bae4fa3825e0a22b03ef0a932e070c0bdbb3a35e654",
                "sha256:f2380a6376dfa090227b663f9678150ef27543483055cc327555fb592c5967e2",
                "sha256:f8380c03e45cf09f8557bdaa41e1fa7c81f3ae22828e1db470ab2a6c96d8bc23",
                "sha256:f90ba11136bfdd25cae3951af8da2e95121c9b9b93727b1b896e3fa105b2f586"
            ],
            "index": "pypi",
            "version": "==4.6.3"
        },
        "pykml": {
            "hashes": [
                "sha256:e1a133e582f0b4652a6b00bac970b446d90580664e5a634a670731c990ff9f05"
            ],
            "index": "pypi",
            "version": "==0.1.3"
        },
        "pyproj": {
            "hashes": [
                "sha256:09bead60769e69b592e8cb3ac51b5215f75e9bb9c213ce575031961deb48d6da",
                "sha256:09db64a8088b23f001e574d92bcc3080bf7de44ddca152d0282a2b50c918a64a",
                "sha256:1be7d54900eb7e2d1e637319080b3a047c70d1fb2f3c12d3400c0fa8a90cf440",
                "sha256:36ba436675f9dea4ab3db7d9a32d3ff11c2fbb4d6690a83454d2f3c5c0b54041",
                "sha256:3e7e851e6d58c16ac2cd920a1bacb7fbb24758a6fcd7f234d594a88ebae04ec9",
                "sha256:489a96da87d8846c34c90da90e637544e4f4f50a13589b5aac54297f5ee1b01d",
                "sha256:4a333f3e46fe8b2eb4647a3daa3a2cec52ddc6c107c653b45880526114942ee8",
                "sha256:708d6e01b9ff3d6dc62a5ad2d2ba1264a863eaa657c1a9bf713a10cc35d34553",
                "sha256:7ae8e7052f18fde1884574da449010e94fa205ad27aeeaa34a097f49a1ed6a2b",
                "sha256:7bfaa34e8bb0510d4380310374deecd9e4328b9cf556925cfb45b5a94d5bbdbe",
                "sha256:81c06df20d09d621e52791c19ce3c880695fb430061e59c2472fa5467e890391",
                "sha256:86ef2fcd584a3222bf73e2befc24b2badd139b3371f4a1e88649978ef7649540",
                "sha256:9666d01faf4e758ac68f2c16695c90de49c3170e3760988bf76a34aae11f4e15",
                "sha256:9b845510255f9580d7e226dd3321a51c468cefb7be24e46415caf67caa4287c4",
                "sha256:9e2ef75401f17062166d3fe53c555cd62c9577697a2f5ded916b23c54e5db497",
                "sha256:a3805e026a5547be205a5e322c08e3069f0a48c63bbd53dbc7a8e3499bc66d58",
                "sha256:a3a8ab19232bf4f4bb2590536538881b7bd0c07df23e0c2a792402ca2476c197",
                "sha256:aa0a2981b25145523ca17a643c5be077fe13e514fdca9b6d1c412a95d723a5a5",
                "sha256:bc70b6adcfa713d89bc561673cb57af5fb3a1718cd7d57ec537430cd1007a864",
                "sha256:bfbac35490dd17f706700673506eeb8170f8a2a63fb5878171d4e6eef242d141",
                "sha256:c658afc8a6115b58b02aa53d27bf2a67c1b00b55067edb1b7711c6c7391cfaa9",
                "sha256:cba99e171d744969e13a865ad28fa9c949c4400b0e9c431a802cdd804f52f632",
                "sha256:d27d40ec541ef69a5107bfcd85f40170e9e122ceb6315ce508cd44d199983d41",
                "sha256:f942a976ea3de6a519cf48be30a12f465e44d0ac0c38a0d820ab3acfcc0a48a6",
                "sha256:fee7517bd389a1db7b8bebb18838d04dedca9eaacda01d353d98f5ee421f263e"
            ],
            "version": "==3.0.1"
        },
        "pytz": {
            "hashes": [
                "sha256:83a4a90894bf38e243cf052c8b58f381bfe9a7a483f6a9cab140bc7f702ac4da",
                "sha256:eb10ce3e7736052ed3623d49975ce333bcd712c7bb19a58b9e2089d4057d0798"
            ],
            "version": "==2021.1"
        },
        "requests": {
            "hashes": [
                "sha256:63b52e3c866428a224f97cab011de738c36aec0185aa91cfacd418b5d58911d1",
                "sha256:ec22d826a36ed72a7358ff3fe56cbd4ba69dd7a6718ffd450ff0e9df7a47ce6a"
            ],
            "index": "pypi",
            "version": "==2.19.1"
        },
        "urllib3": {
            "hashes": [
                "sha256:a68ac5e15e76e7e5dd2b8f94007233e01effe3e50e8daddf69acfd81cb686baf",
                "sha256:b5725a0bd4ba422ab0e66e89e030c806576753ea3ee08554382c14e685d117b5"
            ],
            "version": "==1.23"
        },
        "zope.interface": {
            "hashes": [
                "sha256:02d3535aa18e34ce97c58d241120b7554f7d1cf4f8002fc9675cc7e7745d20e8",
                "sha256:0378a42ec284b65706d9ef867600a4a31701a0d6773434e6537cfc744e3343f4",
                "sha256:07d289358a8c565ea09e426590dd1179f93cf5ac3dd17d43fcc4fc63c1a9d275",
                "sha256:0e6cdbdd94ae94d1433ab51f46a76df0f2cd041747c31baec1c1ffa4e76bd0c1",
                "sha256:11354fb8b8bdc5cdd66358ed4f1f0ce739d78ff6d215d33b8f3ae282258c0f11",
                "sha256:12588a46ae0a99f172c4524cbbc3bb870f32e0f8405e9fa11a5ef3fa3a808ad7",
                "sha256:16caa44a06f6b0b2f7626ced4b193c1ae5d09c1b49c9b4962c93ae8aa2134f55",
                "sha256:18c478b89b6505756f007dcf76a67224a23dcf0f365427742ed0c0473099caa4",
                "sha256:221b41442cf4428fcda7fc958c9721c916709e2a3a9f584edd70f1493a09a762",
                "sha256:26109c50ccbcc10f651f76277cfc05fba8418a907daccc300c9247f24b3158a2",
                "sha256:28d8157f8c77662a1e0796a7d3cfa8910289131d4b4dd4e10b2686ab1309b67b",
                "sha256:2c51689b7b40c7d9c7e8a678350e73dc647945a13b4e416e7a02bbf0c37bdb01",
                "sha256:2ec58e1e1691dde4fbbd97f8610de0f8f1b1a38593653f7d3b8e931b9cd6d67f",
                "sha256:416feb6500f7b6fc00d32271f6b8495e67188cb5eb51fc8e289b81fdf465a9cb",
                "sha256:520352b18adea5478bbf387e9c77910a914985671fe36bc5ef19fdcb67a854bc",
                "sha256:527415b5ca201b4add44026f70278fbc0b942cf0801a26ca5527cb0389b6151e",
                "sha256:54243053316b5eec92affe43bbace7c8cd946bc0974a4aa39ff1371df0677b22",
                "sha256:61b8454190b9cc87279232b6de28dee0bad040df879064bb2f0e505cda907918",
                "sha256:672668729edcba0f2ee522ab177fcad91c81cfce991c24d8767765e2637d3515",
                "sha256:67aa26097e194947d29f2b5a123830e03da1519bcce10cac034a51fcdb99c34f",
                "sha256:6e7305e42b5f54e5ccf51820de46f0a7c951ba7cb9e3f519e908545b0f5628d0",
                "sha256:7234ac6782ca43617de803735949f79b894f0c5d353fbc001d745503c69e6d1d",
                "sha256:7426bea25bdf92f00fa52c7b30fcd2a2f71c21cf007178971b1f248b6c2d3145",
                "sha256:74b331c5d5efdddf5bbd9e1f7d8cb91a0d6b9c4ba45ca3e9003047a84dca1a3b",
                "sha256:79b6db1a18253db86e9bf1e99fa829d60fd3fc7ac04f4451c44e4bdcf6756a42",
                "sha256:7d79cd354ae0a033ac7b86a2889c9e8bb0bb48243a6ed27fc5064ce49b842ada",
                "sha256:823d1b4a6a028b8327e64865e2c81a8959ae9f4e7c9c8e0eec814f4f9b36b362",
                "sha256:8715717a5861932b7fe7f3cbd498c82ff4132763e2fea182cc95e53850394ec1",
                "sha256:89a6091f2d07936c8a96ce56f2000ecbef20fb420a94845e7d53913c558a6378",
                "sha256:8af4b3116e4a37059bc8c7fe36d4a73d7c1d8802a1d8b6e549f1380d13a40160",
                "sha256:8b4b0034e6c7f30133fa64a1cc276f8f1a155ef9529e7eb93a3c1728b40c0f5c",
                "sha256:92195df3913c1de80062635bf64cd7bd0d0934a7fa1689b6d287d1cbbd16922c",
                "sha256:96c2e68385f3848d58f19b2975a675532abdb65c8fa5f04d94b95b27b6b1ffa7",
                "sha256:9c7044dbbf8c58420a9ef4ed6901f5a8b7698d90cd984d7f57a18c78474686f6",
                "sha256:a1937efed7e3fe0ee74630e1960df887d8aa83c571e1cf4db9d15b9c181d457d",
                "sha256:a38c10423a475a1658e2cb8f52cf84ec20a4c0adff724dd43a6b45183f499bc1",
                "sha256:a413c424199bcbab71bf5fa7538246f27177fbd6dd74b2d9c5f34878658807f8",
                "sha256:b18a855f8504743e0a2d8b75d008c7720d44e4c76687e13f959e35d9a13eb397",
                "sha256:b4d59ab3608538e550a72cea13d3c209dd72b6e19e832688da7884081c01594e",
                "sha256:b51d3f1cd87f488455f43046d72003689024b0fa9b2d53635db7523033b19996",
                "sha256:c02105deda867d09cdd5088d08708f06d75759df6f83d8f7007b06f422908a30",
                "sha256:c7b6032dc4490b0dcaf078f09f5b382dc35493cb7f473840368bf0de3196c2b6",
                "sha256:c95b355dba2aaf5177dff943b25ded0529a7feb80021d5fdb114a99f0a1ef508",
                "sha256:c980ae87863d76b1ea9a073d6d95554b4135032d34bc541be50c07d4a085821b",
                "sha256:d12895cd083e35e9e032eb4b57645b91116f8979527381a8d864d1f6b8cb4a2e",
                "sha256:d3cd9bad547a8e5fbe712a1dc1413aff1b917e8d39a2cd1389a6f933b7a21460",
                "sha256:e8809b01f27f679e3023b9e2013051e0a3f17abff4228cb5197663afd8a0f2c7",
                "sha256:f3c37b0dc1898e305aad4f7a1d75f6da83036588c28a9ce0afc681ff5245a601",
                "sha256:f966765f54b536e791541458de84a737a6adba8467190f17a8fe7f85354ba908",
                "sha256:fa939c2e2468142c9773443d4038e7c915b0cc1b670d3c9192bdc503f7ea73e9",
                "sha256:fcc5c1f95102989d2e116ffc8467963554ce89f30a65a3ea86a4d06849c498d8"
            ],
            "version": "==5.3.0"
        }
    },
    "develop": {}
}
